
Microsoft Visual Studio Solution File, Format Version 12.00
# Visual Studio Version 17
VisualStudioVersion = 17.5.33530.505
MinimumVisualStudioVersion = 10.0.40219.1
Project("{FAE04EC0-301F-11D3-BF4B-00C04F79EFBC}") = "KingLineServer", "KingLineServer.csproj", "{F54CDF46-F726-4505-AA7F-C9E102524F9F}"
EndProject
Global
	GlobalSection(SolutionConfigurationPlatforms) = preSolution
		Debug|Any CPU = Debug|Any CPU
		Release|Any CPU = Release|Any CPU
	EndGlobalSection
	GlobalSection(ProjectConfigurationPlatforms) = postSolution
		{F54CDF46-F726-4505-AA7F-C9E102524F9F}.Debug|Any CPU.ActiveCfg = Debug|Any CPU
		{F54CDF46-F726-4505-AA7F-C9E102524F9F}.Debug|Any CPU.Build.0 = Debug|Any CPU
		{F54CDF46-F726-4505-AA7F-C9E102524F9F}.Release|Any CPU.ActiveCfg = Release|Any CPU
		{F54CDF46-F726-4505-AA7F-C9E102524F9F}.Release|Any CPU.Build.0 = Release|Any CPU
	EndGlobalSection
	GlobalSection(SolutionProperties) = preSolution
		HideSolutionNode = FALSE
	EndGlobalSection
	GlobalSection(ExtensibilityGlobals) = postSolution
		SolutionGuid = {C3B8E6B3-7183-42BC-AA8E-93029CABA004}
	EndGlobalSection
EndGlobal
